
Microsoft Visual Studio Solution File, Format Version 12.00
# Visual Studio Version 17
VisualStudioVersion = 17.0.31903.59
MinimumVisualStudioVersion = 10.0.40219.1
Project("{2150E333-8FDC-42A3-9474-1A3956D46DE8}") = "src", "src", "{00DB53FF-D40A-4B61-824D-26A03106443D}"
EndProject
Project("{FAE04EC0-301F-11D3-BF4B-00C04F79EFBC}") = "AuctionService", "src\AuctionService\AuctionService.csproj", "{5E11A773-81DB-433D-8C69-47B92030CBFA}"
EndProject
Project("{FAE04EC0-301F-11D3-BF4B-00C04F79EFBC}") = "SearchService", "src\SearchService\SearchService.csproj", "{1D489BDB-1B2B-4171-B296-2D1D281D50F4}"
EndProject
Project("{FAE04EC0-301F-11D3-BF4B-00C04F79EFBC}") = "Contracts", "src\Contracts\Contracts.csproj", "{1D02582E-CB86-4543-B25A-D0142D0EAFE3}"
EndProject
Project("{FAE04EC0-301F-11D3-BF4B-00C04F79EFBC}") = "IdentityService", "src\IdentityService\IdentityService.csproj", "{63200881-8940-43AA-9579-72383160BBFF}"
EndProject
Global
	GlobalSection(SolutionConfigurationPlatforms) = preSolution
		Debug|Any CPU = Debug|Any CPU
		Release|Any CPU = Release|Any CPU
	EndGlobalSection
	GlobalSection(SolutionProperties) = preSolution
		HideSolutionNode = FALSE
	EndGlobalSection
	GlobalSection(ProjectConfigurationPlatforms) = postSolution
		{5E11A773-81DB-433D-8C69-47B92030CBFA}.Debug|Any CPU.ActiveCfg = Debug|Any CPU
		{5E11A773-81DB-433D-8C69-47B92030CBFA}.Debug|Any CPU.Build.0 = Debug|Any CPU
		{5E11A773-81DB-433D-8C69-47B92030CBFA}.Release|Any CPU.ActiveCfg = Release|Any CPU
		{5E11A773-81DB-433D-8C69-47B92030CBFA}.Release|Any CPU.Build.0 = Release|Any CPU
		{1D489BDB-1B2B-4171-B296-2D1D281D50F4}.Debug|Any CPU.ActiveCfg = Debug|Any CPU
		{1D489BDB-1B2B-4171-B296-2D1D281D50F4}.Debug|Any CPU.Build.0 = Debug|Any CPU
		{1D489BDB-1B2B-4171-B296-2D1D281D50F4}.Release|Any CPU.ActiveCfg = Release|Any CPU
		{1D489BDB-1B2B-4171-B296-2D1D281D50F4}.Release|Any CPU.Build.0 = Release|Any CPU
		{1D02582E-CB86-4543-B25A-D0142D0EAFE3}.Debug|Any CPU.ActiveCfg = Debug|Any CPU
		{1D02582E-CB86-4543-B25A-D0142D0EAFE3}.Debug|Any CPU.Build.0 = Debug|Any CPU
		{1D02582E-CB86-4543-B25A-D0142D0EAFE3}.Release|Any CPU.ActiveCfg = Release|Any CPU
		{1D02582E-CB86-4543-B25A-D0142D0EAFE3}.Release|Any CPU.Build.0 = Release|Any CPU
		{63200881-8940-43AA-9579-72383160BBFF}.Debug|Any CPU.ActiveCfg = Debug|Any CPU
		{63200881-8940-43AA-9579-72383160BBFF}.Debug|Any CPU.Build.0 = Debug|Any CPU
		{63200881-8940-43AA-9579-72383160BBFF}.Release|Any CPU.ActiveCfg = Release|Any CPU
		{63200881-8940-43AA-9579-72383160BBFF}.Release|Any CPU.Build.0 = Release|Any CPU
	EndGlobalSection
	GlobalSection(NestedProjects) = preSolution
		{5E11A773-81DB-433D-8C69-47B92030CBFA} = {00DB53FF-D40A-4B61-824D-26A03106443D}
		{1D489BDB-1B2B-4171-B296-2D1D281D50F4} = {00DB53FF-D40A-4B61-824D-26A03106443D}
		{1D02582E-CB86-4543-B25A-D0142D0EAFE3} = {00DB53FF-D40A-4B61-824D-26A03106443D}
		{63200881-8940-43AA-9579-72383160BBFF} = {00DB53FF-D40A-4B61-824D-26A03106443D}
	EndGlobalSection
EndGlobal
